
Microsoft Visual Studio Solution File, Format Version 12.00
# Visual Studio Version 17
VisualStudioVersion = 17.3.32901.215
MinimumVisualStudioVersion = 10.0.40219.1
Project("{FAE04EC0-301F-11D3-BF4B-00C04F79EFBC}") = "audiopleer", "audiopleer\audiopleer.csproj", "{B190260A-3A4F-4DFE-A36C-08C6F23F51B9}"
EndProject
Global
	GlobalSection(SolutionConfigurationPlatforms) = preSolution
		Debug|Any CPU = Debug|Any CPU
		Release|Any CPU = Release|Any CPU
	EndGlobalSection
	GlobalSection(ProjectConfigurationPlatforms) = postSolution
		{B190260A-3A4F-4DFE-A36C-08C6F23F51B9}.Debug|Any CPU.ActiveCfg = Debug|Any CPU
		{B190260A-3A4F-4DFE-A36C-08C6F23F51B9}.Debug|Any CPU.Build.0 = Debug|Any CPU
		{B190260A-3A4F-4DFE-A36C-08C6F23F51B9}.Release|Any CPU.ActiveCfg = Release|Any CPU
		{B190260A-3A4F-4DFE-A36C-08C6F23F51B9}.Release|Any CPU.Build.0 = Release|Any CPU
	EndGlobalSection
	GlobalSection(SolutionProperties) = preSolution
		HideSolutionNode = FALSE
	EndGlobalSection
	GlobalSection(ExtensibilityGlobals) = postSolution
		SolutionGuid = {A1ABA2AF-F5FF-426F-9C20-DBC6A9EB3E3E}
	EndGlobalSection
EndGlobal
